
Microsoft Visual Studio Solution File, Format Version 12.00
# Visual Studio Version 16
VisualStudioVersion = 16.0.30002.166
MinimumVisualStudioVersion = 10.0.40219.1
Project("{9A19103F-16F7-4668-BE54-9A1E7A4F7556}") = "API", "API.csproj", "{EA24206B-5D9C-45F3-89ED-F63D669030E1}"
EndProject
Global
	GlobalSection(SolutionConfigurationPlatforms) = preSolution
		Debug|Any CPU = Debug|Any CPU
		Release|Any CPU = Release|Any CPU
	EndGlobalSection
	GlobalSection(ProjectConfigurationPlatforms) = postSolution
		{EA24206B-5D9C-45F3-89ED-F63D669030E1}.Debug|Any CPU.ActiveCfg = Debug|Any CPU
		{EA24206B-5D9C-45F3-89ED-F63D669030E1}.Debug|Any CPU.Build.0 = Debug|Any CPU
		{EA24206B-5D9C-45F3-89ED-F63D669030E1}.Release|Any CPU.ActiveCfg = Release|Any CPU
		{EA24206B-5D9C-45F3-89ED-F63D669030E1}.Release|Any CPU.Build.0 = Release|Any CPU
	EndGlobalSection
	GlobalSection(SolutionProperties) = preSolution
		HideSolutionNode = FALSE
	EndGlobalSection
	GlobalSection(ExtensibilityGlobals) = postSolution
		SolutionGuid = {423AE8EA-7A51-4178-A949-738756DB23D0}
	EndGlobalSection
EndGlobal
